
Microsoft Visual Studio Solution File, Format Version 12.00
# Visual Studio Version 17
VisualStudioVersion = 17.7.34221.43
MinimumVisualStudioVersion = 10.0.40219.1
Project("{FAE04EC0-301F-11D3-BF4B-00C04F79EFBC}") = "Cardgame", "Cardgame.csproj", "{08CFB07A-3335-4EFB-8BD8-DE5F1299FE6D}"
EndProject
Global
	GlobalSection(SolutionConfigurationPlatforms) = preSolution
		Debug|Any CPU = Debug|Any CPU
		Release|Any CPU = Release|Any CPU
	EndGlobalSection
	GlobalSection(ProjectConfigurationPlatforms) = postSolution
		{08CFB07A-3335-4EFB-8BD8-DE5F1299FE6D}.Debug|Any CPU.ActiveCfg = Debug|Any CPU
		{08CFB07A-3335-4EFB-8BD8-DE5F1299FE6D}.Debug|Any CPU.Build.0 = Debug|Any CPU
		{08CFB07A-3335-4EFB-8BD8-DE5F1299FE6D}.Release|Any CPU.ActiveCfg = Release|Any CPU
		{08CFB07A-3335-4EFB-8BD8-DE5F1299FE6D}.Release|Any CPU.Build.0 = Release|Any CPU
	EndGlobalSection
	GlobalSection(SolutionProperties) = preSolution
		HideSolutionNode = FALSE
	EndGlobalSection
	GlobalSection(ExtensibilityGlobals) = postSolution
		SolutionGuid = {6BE3B7CD-8F62-4B89-92A4-4A986DDCCA6D}
	EndGlobalSection
EndGlobal
